// !$*UTF8*$!
{
	archiveVersion = 1;
	classes = {
	};
	objectVersion = 56;
	objects = {

/* Begin PBXBuildFile section */
		A100000000000000000000AA /* MovementLoggerApp.swift in Sources */ = {isa = PBXBuildFile; fileRef = A100000000000000000000F0 /* MovementLoggerApp.swift */; };
		A100000000000000000000AB /* FileSyncProtocol.swift in Sources */ = {isa = PBXBuildFile; fileRef = A100000000000000000000F1 /* FileSyncProtocol.swift */; };
		A100000000000000000000AC /* BleClient.swift in Sources */ = {isa = PBXBuildFile; fileRef = A100000000000000000000F2 /* BleClient.swift */; };
		A100000000000000000000AD /* FileSyncViewModel.swift in Sources */ = {isa = PBXBuildFile; fileRef = A100000000000000000000F3 /* FileSyncViewModel.swift */; };
		A100000000000000000000AE /* FileSyncScreen.swift in Sources */ = {isa = PBXBuildFile; fileRef = A100000000000000000000F4 /* FileSyncScreen.swift */; };
		A100000000000000000000AF /* Assets.xcassets in Resources */ = {isa = PBXBuildFile; fileRef = A100000000000000000000F6 /* Assets.xcassets */; };
		A10000000000000000000101 /* CsvParsers.swift in Sources */ = {isa = PBXBuildFile; fileRef = A10000000000000000000201 /* CsvParsers.swift */; };
		A10000000000000000000102 /* GpsTime.swift in Sources */ = {isa = PBXBuildFile; fileRef = A10000000000000000000202 /* GpsTime.swift */; };
		A10000000000000000000103 /* VideoMetadata.swift in Sources */ = {isa = PBXBuildFile; fileRef = A10000000000000000000203 /* VideoMetadata.swift */; };
		A10000000000000000000104 /* GpsMath.swift in Sources */ = {isa = PBXBuildFile; fileRef = A10000000000000000000204 /* GpsMath.swift */; };
		A10000000000000000000105 /* Butterworth.swift in Sources */ = {isa = PBXBuildFile; fileRef = A10000000000000000000205 /* Butterworth.swift */; };
		A10000000000000000000106 /* EulerAngles.swift in Sources */ = {isa = PBXBuildFile; fileRef = A10000000000000000000206 /* EulerAngles.swift */; };
		A10000000000000000000107 /* Madgwick.swift in Sources */ = {isa = PBXBuildFile; fileRef = A10000000000000000000207 /* Madgwick.swift */; };
		A10000000000000000000108 /* Baro.swift in Sources */ = {isa = PBXBuildFile; fileRef = A10000000000000000000208 /* Baro.swift */; };
		A10000000000000000000109 /* FusionHeight.swift in Sources */ = {isa = PBXBuildFile; fileRef = A10000000000000000000209 /* FusionHeight.swift */; };
		A1000000000000000000010A /* MainNav.swift in Sources */ = {isa = PBXBuildFile; fileRef = A1000000000000000000020A /* MainNav.swift */; };
		A1000000000000000000010B /* ReplayViewModel.swift in Sources */ = {isa = PBXBuildFile; fileRef = A1000000000000000000020B /* ReplayViewModel.swift */; };
		A1000000000000000000010C /* ReplayScreen.swift in Sources */ = {isa = PBXBuildFile; fileRef = A1000000000000000000020C /* ReplayScreen.swift */; };
		A1000000000000000000010D /* CompositeExporter.swift in Sources */ = {isa = PBXBuildFile; fileRef = A1000000000000000000020D /* CompositeExporter.swift */; };
/* End PBXBuildFile section */

/* Begin PBXFileReference section */
		A100000000000000000000F0 /* MovementLoggerApp.swift */ = {isa = PBXFileReference; lastKnownFileType = sourcecode.swift; path = MovementLoggerApp.swift; sourceTree = "<group>"; };
		A100000000000000000000F1 /* FileSyncProtocol.swift */ = {isa = PBXFileReference; lastKnownFileType = sourcecode.swift; path = FileSyncProtocol.swift; sourceTree = "<group>"; };
		A100000000000000000000F2 /* BleClient.swift */ = {isa = PBXFileReference; lastKnownFileType = sourcecode.swift; path = BleClient.swift; sourceTree = "<group>"; };
		A100000000000000000000F3 /* FileSyncViewModel.swift */ = {isa = PBXFileReference; lastKnownFileType = sourcecode.swift; path = FileSyncViewModel.swift; sourceTree = "<group>"; };
		A100000000000000000000F4 /* FileSyncScreen.swift */ = {isa = PBXFileReference; lastKnownFileType = sourcecode.swift; path = FileSyncScreen.swift; sourceTree = "<group>"; };
		A100000000000000000000F5 /* MovementLogger.app */ = {isa = PBXFileReference; explicitFileType = wrapper.application; includeInIndex = 0; path = MovementLogger.app; sourceTree = BUILT_PRODUCTS_DIR; };
		A100000000000000000000F6 /* Assets.xcassets */ = {isa = PBXFileReference; lastKnownFileType = folder.assetcatalog; path = Assets.xcassets; sourceTree = "<group>"; };
		A10000000000000000000201 /* CsvParsers.swift */ = {isa = PBXFileReference; lastKnownFileType = sourcecode.swift; path = CsvParsers.swift; sourceTree = "<group>"; };
		A10000000000000000000202 /* GpsTime.swift */ = {isa = PBXFileReference; lastKnownFileType = sourcecode.swift; path = GpsTime.swift; sourceTree = "<group>"; };
		A10000000000000000000203 /* VideoMetadata.swift */ = {isa = PBXFileReference; lastKnownFileType = sourcecode.swift; path = VideoMetadata.swift; sourceTree = "<group>"; };
		A10000000000000000000204 /* GpsMath.swift */ = {isa = PBXFileReference; lastKnownFileType = sourcecode.swift; path = GpsMath.swift; sourceTree = "<group>"; };
		A10000000000000000000205 /* Butterworth.swift */ = {isa = PBXFileReference; lastKnownFileType = sourcecode.swift; path = Butterworth.swift; sourceTree = "<group>"; };
		A10000000000000000000206 /* EulerAngles.swift */ = {isa = PBXFileReference; lastKnownFileType = sourcecode.swift; path = EulerAngles.swift; sourceTree = "<group>"; };
		A10000000000000000000207 /* Madgwick.swift */ = {isa = PBXFileReference; lastKnownFileType = sourcecode.swift; path = Madgwick.swift; sourceTree = "<group>"; };
		A10000000000000000000208 /* Baro.swift */ = {isa = PBXFileReference; lastKnownFileType = sourcecode.swift; path = Baro.swift; sourceTree = "<group>"; };
		A10000000000000000000209 /* FusionHeight.swift */ = {isa = PBXFileReference; lastKnownFileType = sourcecode.swift; path = FusionHeight.swift; sourceTree = "<group>"; };
		A1000000000000000000020A /* MainNav.swift */ = {isa = PBXFileReference; lastKnownFileType = sourcecode.swift; path = MainNav.swift; sourceTree = "<group>"; };
		A1000000000000000000020B /* ReplayViewModel.swift */ = {isa = PBXFileReference; lastKnownFileType = sourcecode.swift; path = ReplayViewModel.swift; sourceTree = "<group>"; };
		A1000000000000000000020C /* ReplayScreen.swift */ = {isa = PBXFileReference; lastKnownFileType = sourcecode.swift; path = ReplayScreen.swift; sourceTree = "<group>"; };
		A1000000000000000000020D /* CompositeExporter.swift */ = {isa = PBXFileReference; lastKnownFileType = sourcecode.swift; path = CompositeExporter.swift; sourceTree = "<group>"; };
/* End PBXFileReference section */

/* Begin PBXFrameworksBuildPhase section */
		A100000000000000000000E5 /* Frameworks */ = {
			isa = PBXFrameworksBuildPhase;
			buildActionMask = 2147483647;
			files = (
			);
			runOnlyForDeploymentPostprocessing = 0;
		};
/* End PBXFrameworksBuildPhase section */

/* Begin PBXGroup section */
		A100000000000000000000D0 /* Workspace */ = {
			isa = PBXGroup;
			children = (
				A100000000000000000000D1 /* MovementLogger */,
				A100000000000000000000D4 /* Products */,
			);
			sourceTree = "<group>";
		};
		A100000000000000000000D1 /* MovementLogger */ = {
			isa = PBXGroup;
			children = (
				A100000000000000000000F0 /* MovementLoggerApp.swift */,
				A100000000000000000000D2 /* BLE */,
				A100000000000000000000D5 /* Data */,
				A100000000000000000000D3 /* UI */,
				A100000000000000000000D6 /* Export */,
				A100000000000000000000F6 /* Assets.xcassets */,
			);
			path = MovementLogger;
			sourceTree = "<group>";
		};
		A100000000000000000000D6 /* Export */ = {
			isa = PBXGroup;
			children = (
				A1000000000000000000020D /* CompositeExporter.swift */,
			);
			path = Export;
			sourceTree = "<group>";
		};
		A100000000000000000000D5 /* Data */ = {
			isa = PBXGroup;
			children = (
				A10000000000000000000201 /* CsvParsers.swift */,
				A10000000000000000000202 /* GpsTime.swift */,
				A10000000000000000000203 /* VideoMetadata.swift */,
				A10000000000000000000204 /* GpsMath.swift */,
				A10000000000000000000205 /* Butterworth.swift */,
				A10000000000000000000206 /* EulerAngles.swift */,
				A10000000000000000000207 /* Madgwick.swift */,
				A10000000000000000000208 /* Baro.swift */,
				A10000000000000000000209 /* FusionHeight.swift */,
			);
			path = Data;
			sourceTree = "<group>";
		};
		A100000000000000000000D2 /* BLE */ = {
			isa = PBXGroup;
			children = (
				A100000000000000000000F1 /* FileSyncProtocol.swift */,
				A100000000000000000000F2 /* BleClient.swift */,
			);
			path = BLE;
			sourceTree = "<group>";
		};
		A100000000000000000000D3 /* UI */ = {
			isa = PBXGroup;
			children = (
				A1000000000000000000020A /* MainNav.swift */,
				A100000000000000000000F3 /* FileSyncViewModel.swift */,
				A100000000000000000000F4 /* FileSyncScreen.swift */,
				A1000000000000000000020B /* ReplayViewModel.swift */,
				A1000000000000000000020C /* ReplayScreen.swift */,
			);
			path = UI;
			sourceTree = "<group>";
		};
		A100000000000000000000D4 /* Products */ = {
			isa = PBXGroup;
			children = (
				A100000000000000000000F5 /* MovementLogger.app */,
			);
			name = Products;
			sourceTree = "<group>";
		};
/* End PBXGroup section */

/* Begin PBXNativeTarget section */
		A100000000000000000000E0 /* MovementLogger */ = {
			isa = PBXNativeTarget;
			buildConfigurationList = A100000000000000000000E1 /* Build configuration list for PBXNativeTarget "MovementLogger" */;
			buildPhases = (
				A100000000000000000000E4 /* Sources */,
				A100000000000000000000E5 /* Frameworks */,
				A100000000000000000000E6 /* Resources */,
			);
			buildRules = (
			);
			dependencies = (
			);
			name = MovementLogger;
			productName = MovementLogger;
			productReference = A100000000000000000000F5 /* MovementLogger.app */;
			productType = "com.apple.product-type.application";
		};
/* End PBXNativeTarget section */

/* Begin PBXProject section */
		A100000000000000000000B1 /* Project object */ = {
			isa = PBXProject;
			attributes = {
				BuildIndependentTargetsInParallel = 1;
				LastSwiftUpdateCheck = 1500;
				LastUpgradeCheck = 1500;
				TargetAttributes = {
					A100000000000000000000E0 = {
						CreatedOnToolsVersion = 15.0;
					};
				};
			};
			buildConfigurationList = A100000000000000000000C0 /* Build configuration list for PBXProject "MovementLogger" */;
			compatibilityVersion = "Xcode 14.0";
			developmentRegion = en;
			hasScannedForEncodings = 0;
			knownRegions = (
				en,
				Base,
			);
			mainGroup = A100000000000000000000D0;
			productRefGroup = A100000000000000000000D4 /* Products */;
			projectDirPath = "";
			projectRoot = "";
			targets = (
				A100000000000000000000E0 /* MovementLogger */,
			);
		};
/* End PBXProject section */

/* Begin PBXResourcesBuildPhase section */
		A100000000000000000000E6 /* Resources */ = {
			isa = PBXResourcesBuildPhase;
			buildActionMask = 2147483647;
			files = (
				A100000000000000000000AF /* Assets.xcassets in Resources */,
			);
			runOnlyForDeploymentPostprocessing = 0;
		};
/* End PBXResourcesBuildPhase section */

/* Begin PBXSourcesBuildPhase section */
		A100000000000000000000E4 /* Sources */ = {
			isa = PBXSourcesBuildPhase;
			buildActionMask = 2147483647;
			files = (
				A100000000000000000000AA /* MovementLoggerApp.swift in Sources */,
				A100000000000000000000AB /* FileSyncProtocol.swift in Sources */,
				A100000000000000000000AC /* BleClient.swift in Sources */,
				A100000000000000000000AD /* FileSyncViewModel.swift in Sources */,
				A100000000000000000000AE /* FileSyncScreen.swift in Sources */,
				A10000000000000000000101 /* CsvParsers.swift in Sources */,
				A10000000000000000000102 /* GpsTime.swift in Sources */,
				A10000000000000000000103 /* VideoMetadata.swift in Sources */,
				A10000000000000000000104 /* GpsMath.swift in Sources */,
				A10000000000000000000105 /* Butterworth.swift in Sources */,
				A10000000000000000000106 /* EulerAngles.swift in Sources */,
				A10000000000000000000107 /* Madgwick.swift in Sources */,
				A10000000000000000000108 /* Baro.swift in Sources */,
				A10000000000000000000109 /* FusionHeight.swift in Sources */,
				A1000000000000000000010A /* MainNav.swift in Sources */,
				A1000000000000000000010B /* ReplayViewModel.swift in Sources */,
				A1000000000000000000010C /* ReplayScreen.swift in Sources */,
				A1000000000000000000010D /* CompositeExporter.swift in Sources */,
			);
			runOnlyForDeploymentPostprocessing = 0;
		};
/* End PBXSourcesBuildPhase section */

/* Begin XCBuildConfiguration section */
		A100000000000000000000C1 /* Debug */ = {
			isa = XCBuildConfiguration;
			buildSettings = {
				ALWAYS_SEARCH_USER_PATHS = NO;
				ASSETCATALOG_COMPILER_GENERATE_SWIFT_ASSET_SYMBOL_EXTENSIONS = YES;
				CLANG_ANALYZER_NONNULL = YES;
				CLANG_ANALYZER_NUMBER_OBJECT_CONVERSION = YES_AGGRESSIVE;
				CLANG_CXX_LANGUAGE_STANDARD = "gnu++20";
				CLANG_ENABLE_MODULES = YES;
				CLANG_ENABLE_OBJC_ARC = YES;
				CLANG_ENABLE_OBJC_WEAK = YES;
				CLANG_WARN_BLOCK_CAPTURE_AUTORELEASING = YES;
				CLANG_WARN_BOOL_CONVERSION = YES;
				CLANG_WARN_COMMA = YES;
				CLANG_WARN_CONSTANT_CONVERSION = YES;
				CLANG_WARN_DEPRECATED_OBJC_IMPLEMENTATIONS = YES;
				CLANG_WARN_DIRECT_OBJC_ISA_USAGE = YES_ERROR;
				CLANG_WARN_DOCUMENTATION_COMMENTS = YES;
				CLANG_WARN_EMPTY_BODY = YES;
				CLANG_WARN_ENUM_CONVERSION = YES;
				CLANG_WARN_INFINITE_RECURSION = YES;
				CLANG_WARN_INT_CONVERSION = YES;
				CLANG_WARN_NON_LITERAL_NULL_CONVERSION = YES;
				CLANG_WARN_OBJC_IMPLICIT_RETAIN_SELF = YES;
				CLANG_WARN_OBJC_LITERAL_CONVERSION = YES;
				CLANG_WARN_OBJC_ROOT_CLASS = YES_ERROR;
				CLANG_WARN_QUOTED_INCLUDE_IN_FRAMEWORK_HEADER = YES;
				CLANG_WARN_RANGE_LOOP_ANALYSIS = YES;
				CLANG_WARN_STRICT_PROTOTYPES = YES;
				CLANG_WARN_SUSPICIOUS_MOVE = YES;
				CLANG_WARN_UNGUARDED_AVAILABILITY = YES_AGGRESSIVE;
				CLANG_WARN_UNREACHABLE_CODE = YES;
				CLANG_WARN__DUPLICATE_METHOD_MATCH = YES;
				COPY_PHASE_STRIP = NO;
				DEBUG_INFORMATION_FORMAT = dwarf;
				ENABLE_STRICT_OBJC_MSGSEND = YES;
				ENABLE_TESTABILITY = YES;
				ENABLE_USER_SCRIPT_SANDBOXING = YES;
				GCC_C_LANGUAGE_STANDARD = gnu17;
				GCC_DYNAMIC_NO_PIC = NO;
				GCC_NO_COMMON_BLOCKS = YES;
				GCC_OPTIMIZATION_LEVEL = 0;
				GCC_PREPROCESSOR_DEFINITIONS = (
					"DEBUG=1",
					"$(inherited)",
				);
				GCC_WARN_64_TO_32_BIT_CONVERSION = YES;
				GCC_WARN_ABOUT_RETURN_TYPE = YES_ERROR;
				GCC_WARN_UNDECLARED_SELECTOR = YES;
				GCC_WARN_UNINITIALIZED_AUTOS = YES_AGGRESSIVE;
				GCC_WARN_UNUSED_FUNCTION = YES;
				GCC_WARN_UNUSED_VARIABLE = YES;
				IPHONEOS_DEPLOYMENT_TARGET = 17.0;
				LOCALIZATION_PREFERS_STRING_CATALOGS = YES;
				MTL_ENABLE_DEBUG_INFO = INCLUDE_SOURCE;
				MTL_FAST_MATH = YES;
				ONLY_ACTIVE_ARCH = YES;
				SDKROOT = iphoneos;
				SWIFT_ACTIVE_COMPILATION_CONDITIONS = "DEBUG $(inherited)";
				SWIFT_OPTIMIZATION_LEVEL = "-Onone";
			};
			name = Debug;
		};
		A100000000000000000000C2 /* Release */ = {
			isa = XCBuildConfiguration;
			buildSettings = {
				ALWAYS_SEARCH_USER_PATHS = NO;
				ASSETCATALOG_COMPILER_GENERATE_SWIFT_ASSET_SYMBOL_EXTENSIONS = YES;
				CLANG_ANALYZER_NONNULL = YES;
				CLANG_ANALYZER_NUMBER_OBJECT_CONVERSION = YES_AGGRESSIVE;
				CLANG_CXX_LANGUAGE_STANDARD = "gnu++20";
				CLANG_ENABLE_MODULES = YES;
				CLANG_ENABLE_OBJC_ARC = YES;
				CLANG_ENABLE_OBJC_WEAK = YES;
				CLANG_WARN_BLOCK_CAPTURE_AUTORELEASING = YES;
				CLANG_WARN_BOOL_CONVERSION = YES;
				CLANG_WARN_COMMA = YES;
				CLANG_WARN_CONSTANT_CONVERSION = YES;
				CLANG_WARN_DEPRECATED_OBJC_IMPLEMENTATIONS = YES;
				CLANG_WARN_DIRECT_OBJC_ISA_USAGE = YES_ERROR;
				CLANG_WARN_DOCUMENTATION_COMMENTS = YES;
				CLANG_WARN_EMPTY_BODY = YES;
				CLANG_WARN_ENUM_CONVERSION = YES;
				CLANG_WARN_INFINITE_RECURSION = YES;
				CLANG_WARN_INT_CONVERSION = YES;
				CLANG_WARN_NON_LITERAL_NULL_CONVERSION = YES;
				CLANG_WARN_OBJC_IMPLICIT_RETAIN_SELF = YES;
				CLANG_WARN_OBJC_LITERAL_CONVERSION = YES;
				CLANG_WARN_OBJC_ROOT_CLASS = YES_ERROR;
				CLANG_WARN_QUOTED_INCLUDE_IN_FRAMEWORK_HEADER = YES;
				CLANG_WARN_RANGE_LOOP_ANALYSIS = YES;
				CLANG_WARN_STRICT_PROTOTYPES = YES;
				CLANG_WARN_SUSPICIOUS_MOVE = YES;
				CLANG_WARN_UNGUARDED_AVAILABILITY = YES_AGGRESSIVE;
				CLANG_WARN_UNREACHABLE_CODE = YES;
				CLANG_WARN__DUPLICATE_METHOD_MATCH = YES;
				COPY_PHASE_STRIP = NO;
				DEBUG_INFORMATION_FORMAT = "dwarf-with-dsym";
				ENABLE_NS_ASSERTIONS = NO;
				ENABLE_STRICT_OBJC_MSGSEND = YES;
				ENABLE_USER_SCRIPT_SANDBOXING = YES;
				GCC_C_LANGUAGE_STANDARD = gnu17;
				GCC_NO_COMMON_BLOCKS = YES;
				GCC_WARN_64_TO_32_BIT_CONVERSION = YES;
				GCC_WARN_ABOUT_RETURN_TYPE = YES_ERROR;
				GCC_WARN_UNDECLARED_SELECTOR = YES;
				GCC_WARN_UNINITIALIZED_AUTOS = YES_AGGRESSIVE;
				GCC_WARN_UNUSED_FUNCTION = YES;
				GCC_WARN_UNUSED_VARIABLE = YES;
				IPHONEOS_DEPLOYMENT_TARGET = 17.0;
				LOCALIZATION_PREFERS_STRING_CATALOGS = YES;
				MTL_ENABLE_DEBUG_INFO = NO;
				MTL_FAST_MATH = YES;
				SDKROOT = iphoneos;
				SWIFT_COMPILATION_MODE = wholemodule;
				VALIDATE_PRODUCT = YES;
			};
			name = Release;
		};
		A100000000000000000000E2 /* Debug */ = {
			isa = XCBuildConfiguration;
			buildSettings = {
				ASSETCATALOG_COMPILER_APPICON_NAME = AppIcon;
				CODE_SIGN_STYLE = Automatic;
				CURRENT_PROJECT_VERSION = 1;
				DEVELOPMENT_TEAM = 4B37356EGR;
				ENABLE_PREVIEWS = YES;
				GENERATE_INFOPLIST_FILE = YES;
				INFOPLIST_KEY_LSSupportsOpeningDocumentsInPlace = YES;
				INFOPLIST_KEY_NSBluetoothAlwaysUsageDescription = "Movement Logger talks to the PumpTsueri SensorTile.box over BLE to download recorded sessions.";
				INFOPLIST_KEY_NSPhotoLibraryAddUsageDescription = "Movement Logger saves the composite replay video to your Photos library so you can share it.";
				INFOPLIST_KEY_UIApplicationSceneManifest_Generation = YES;
				INFOPLIST_KEY_UIApplicationSupportsIndirectInputEvents = YES;
				INFOPLIST_KEY_UIFileSharingEnabled = YES;
				INFOPLIST_KEY_UILaunchScreen_Generation = YES;
				INFOPLIST_KEY_UISupportedInterfaceOrientations_iPad = "UIInterfaceOrientationPortrait UIInterfaceOrientationPortraitUpsideDown UIInterfaceOrientationLandscapeLeft UIInterfaceOrientationLandscapeRight";
				INFOPLIST_KEY_UISupportedInterfaceOrientations_iPhone = "UIInterfaceOrientationPortrait UIInterfaceOrientationLandscapeLeft UIInterfaceOrientationLandscapeRight";
				IPHONEOS_DEPLOYMENT_TARGET = 17.0;
				LD_RUNPATH_SEARCH_PATHS = (
					"$(inherited)",
					"@executable_path/Frameworks",
				);
				MARKETING_VERSION = 0.0.1;
				PRODUCT_BUNDLE_IDENTIFIER = ch.pumptsueri.movementlogger;
				PRODUCT_NAME = "$(TARGET_NAME)";
				SWIFT_EMIT_LOC_STRINGS = YES;
				SWIFT_VERSION = 5.0;
				TARGETED_DEVICE_FAMILY = "1,2";
			};
			name = Debug;
		};
		A100000000000000000000E3 /* Release */ = {
			isa = XCBuildConfiguration;
			buildSettings = {
				ASSETCATALOG_COMPILER_APPICON_NAME = AppIcon;
				CODE_SIGN_STYLE = Automatic;
				CURRENT_PROJECT_VERSION = 1;
				DEVELOPMENT_TEAM = 4B37356EGR;
				ENABLE_PREVIEWS = YES;
				GENERATE_INFOPLIST_FILE = YES;
				INFOPLIST_KEY_LSSupportsOpeningDocumentsInPlace = YES;
				INFOPLIST_KEY_NSBluetoothAlwaysUsageDescription = "Movement Logger talks to the PumpTsueri SensorTile.box over BLE to download recorded sessions.";
				INFOPLIST_KEY_NSPhotoLibraryAddUsageDescription = "Movement Logger saves the composite replay video to your Photos library so you can share it.";
				INFOPLIST_KEY_UIApplicationSceneManifest_Generation = YES;
				INFOPLIST_KEY_UIApplicationSupportsIndirectInputEvents = YES;
				INFOPLIST_KEY_UIFileSharingEnabled = YES;
				INFOPLIST_KEY_UILaunchScreen_Generation = YES;
				INFOPLIST_KEY_UISupportedInterfaceOrientations_iPad = "UIInterfaceOrientationPortrait UIInterfaceOrientationPortraitUpsideDown UIInterfaceOrientationLandscapeLeft UIInterfaceOrientationLandscapeRight";
				INFOPLIST_KEY_UISupportedInterfaceOrientations_iPhone = "UIInterfaceOrientationPortrait UIInterfaceOrientationLandscapeLeft UIInterfaceOrientationLandscapeRight";
				IPHONEOS_DEPLOYMENT_TARGET = 17.0;
				LD_RUNPATH_SEARCH_PATHS = (
					"$(inherited)",
					"@executable_path/Frameworks",
				);
				MARKETING_VERSION = 0.0.1;
				PRODUCT_BUNDLE_IDENTIFIER = ch.pumptsueri.movementlogger;
				PRODUCT_NAME = "$(TARGET_NAME)";
				SWIFT_EMIT_LOC_STRINGS = YES;
				SWIFT_VERSION = 5.0;
				TARGETED_DEVICE_FAMILY = "1,2";
			};
			name = Release;
		};
/* End XCBuildConfiguration section */

/* Begin XCConfigurationList section */
		A100000000000000000000C0 /* Build configuration list for PBXProject "MovementLogger" */ = {
			isa = XCConfigurationList;
			buildConfigurations = (
				A100000000000000000000C1 /* Debug */,
				A100000000000000000000C2 /* Release */,
			);
			defaultConfigurationIsVisible = 0;
			defaultConfigurationName = Release;
		};
		A100000000000000000000E1 /* Build configuration list for PBXNativeTarget "MovementLogger" */ = {
			isa = XCConfigurationList;
			buildConfigurations = (
				A100000000000000000000E2 /* Debug */,
				A100000000000000000000E3 /* Release */,
			);
			defaultConfigurationIsVisible = 0;
			defaultConfigurationName = Release;
		};
/* End XCConfigurationList section */
	};
	rootObject = A100000000000000000000B1 /* Project object */;
}
