// !$*UTF8*$!
{
	archiveVersion = 1;
	classes = {
	};
	objectVersion = 56;
	objects = {

/* Begin PBXBuildFile section */
		0A3E16FD73A9FA46C6E70D01 /* WatchRideReceiver.swift in Sources */ = {isa = PBXBuildFile; fileRef = 5BEEF19B16BDFCEC951C63CA /* WatchRideReceiver.swift */; };
		1815BCF90E89A510DF9CC1AC /* Assets.xcassets in Resources */ = {isa = PBXBuildFile; fileRef = EDDD795623AC92CE44CEB489 /* Assets.xcassets */; };
		21BC9E20260DBC676AC90A2F /* RidesScreen.swift in Sources */ = {isa = PBXBuildFile; fileRef = 536A7998F0FA05CA9E0715BA /* RidesScreen.swift */; };
		21FC55FD17776163CD8E1A1B /* WatchGpsLogger.swift in Sources */ = {isa = PBXBuildFile; fileRef = 701C8A80B76519D70C9EAB65 /* WatchGpsLogger.swift */; };
		38E8CBA2DBF58F6EF4FF04BB /* Foundation.framework in Frameworks */ = {isa = PBXBuildFile; fileRef = F3BFE5DB4B84E15D9CF7AD69 /* Foundation.framework */; };
		4FB93983FE1F036E7B3F13DE /* WatchSync.swift in Sources */ = {isa = PBXBuildFile; fileRef = ABB20C3561F42079F0986146 /* WatchSync.swift */; };
		512ABB27C1CAE6CCF4D2E4EE /* BoxBleClient.swift in Sources */ = {isa = PBXBuildFile; fileRef = B72771DDCD8DF058D5D67703 /* BoxBleClient.swift */; };
		531529DEB6EE85BB56B46F25 /* ContentView.swift in Sources */ = {isa = PBXBuildFile; fileRef = B50E642AE419F2872EF8B2F1 /* ContentView.swift */; };
		6BB711BDC8A9E03CFC7C4E9D /* SessionController.swift in Sources */ = {isa = PBXBuildFile; fileRef = A1FF51A111E4D07B8ED9EF0F /* SessionController.swift */; };
		6D21F01F26516DB561BDCC42 /* WorkoutKeepAlive.swift in Sources */ = {isa = PBXBuildFile; fileRef = 617213F133B64E4AA0A7CE6F /* WorkoutKeepAlive.swift */; };
		8D35D6FC926E778D67CDD1D3 /* FileSyncProtocol.swift in Sources */ = {isa = PBXBuildFile; fileRef = 4B71901CE99AEDF7D5291939 /* FileSyncProtocol.swift */; };
		9DE6D0BD6B408961BB4439EE /* MovementLoggerWatchApp.swift in Sources */ = {isa = PBXBuildFile; fileRef = A4C9D51BBE5E8A7CDC9DAAE8 /* MovementLoggerWatchApp.swift */; };
		A100000000000000000000AA /* MovementLoggerApp.swift in Sources */ = {isa = PBXBuildFile; fileRef = A100000000000000000000F0 /* MovementLoggerApp.swift */; };
		A100000000000000000000AB /* FileSyncProtocol.swift in Sources */ = {isa = PBXBuildFile; fileRef = A100000000000000000000F1 /* FileSyncProtocol.swift */; };
		A100000000000000000000AC /* BleClient.swift in Sources */ = {isa = PBXBuildFile; fileRef = A100000000000000000000F2 /* BleClient.swift */; };
		A100000000000000000000AD /* FileSyncViewModel.swift in Sources */ = {isa = PBXBuildFile; fileRef = A100000000000000000000F3 /* FileSyncViewModel.swift */; };
		A100000000000000000000AE /* FileSyncScreen.swift in Sources */ = {isa = PBXBuildFile; fileRef = A100000000000000000000F4 /* FileSyncScreen.swift */; };
		A100000000000000000000AF /* Assets.xcassets in Resources */ = {isa = PBXBuildFile; fileRef = A100000000000000000000F6 /* Assets.xcassets */; };
		A100000000000000000000B0 /* SyncDb.swift in Sources */ = {isa = PBXBuildFile; fileRef = A100000000000000000000F7 /* SyncDb.swift */; };
		A10000000000000000000101 /* CsvParsers.swift in Sources */ = {isa = PBXBuildFile; fileRef = A10000000000000000000201 /* CsvParsers.swift */; };
		A10000000000000000000102 /* GpsTime.swift in Sources */ = {isa = PBXBuildFile; fileRef = A10000000000000000000202 /* GpsTime.swift */; };
		A10000000000000000000103 /* VideoMetadata.swift in Sources */ = {isa = PBXBuildFile; fileRef = A10000000000000000000203 /* VideoMetadata.swift */; };
		A10000000000000000000104 /* GpsMath.swift in Sources */ = {isa = PBXBuildFile; fileRef = A10000000000000000000204 /* GpsMath.swift */; };
		A10000000000000000000105 /* Butterworth.swift in Sources */ = {isa = PBXBuildFile; fileRef = A10000000000000000000205 /* Butterworth.swift */; };
		A10000000000000000000106 /* EulerAngles.swift in Sources */ = {isa = PBXBuildFile; fileRef = A10000000000000000000206 /* EulerAngles.swift */; };
		A10000000000000000000107 /* Madgwick.swift in Sources */ = {isa = PBXBuildFile; fileRef = A10000000000000000000207 /* Madgwick.swift */; };
		A10000000000000000000108 /* Baro.swift in Sources */ = {isa = PBXBuildFile; fileRef = A10000000000000000000208 /* Baro.swift */; };
		A10000000000000000000109 /* FusionHeight.swift in Sources */ = {isa = PBXBuildFile; fileRef = A10000000000000000000209 /* FusionHeight.swift */; };
		A1000000000000000000010A /* MainNav.swift in Sources */ = {isa = PBXBuildFile; fileRef = A1000000000000000000020A /* MainNav.swift */; };
		A1000000000000000000010B /* ReplayViewModel.swift in Sources */ = {isa = PBXBuildFile; fileRef = A1000000000000000000020B /* ReplayViewModel.swift */; };
		A1000000000000000000010C /* ReplayScreen.swift in Sources */ = {isa = PBXBuildFile; fileRef = A1000000000000000000020C /* ReplayScreen.swift */; };
		A1000000000000000000010D /* CompositeExporter.swift in Sources */ = {isa = PBXBuildFile; fileRef = A1000000000000000000020D /* CompositeExporter.swift */; };
		A1000000000000000000010E /* LiveSample.swift in Sources */ = {isa = PBXBuildFile; fileRef = A1000000000000000000020E /* LiveSample.swift */; };
		A1000000000000000000010F /* LiveScreen.swift in Sources */ = {isa = PBXBuildFile; fileRef = A1000000000000000000020F /* LiveScreen.swift */; };
		A10000000000000000000301 /* AgentConfig.swift in Sources */ = {isa = PBXBuildFile; fileRef = A10000000000000000000311 /* AgentConfig.swift */; };
		A10000000000000000000302 /* BackgroundSync.swift in Sources */ = {isa = PBXBuildFile; fileRef = A10000000000000000000312 /* BackgroundSync.swift */; };
		A10000000000000000000303 /* SyncTaskHandler.swift in Sources */ = {isa = PBXBuildFile; fileRef = A10000000000000000000313 /* SyncTaskHandler.swift */; };
		A10000000000000000000304 /* FirmwareUpdate.swift in Sources */ = {isa = PBXBuildFile; fileRef = A10000000000000000000314 /* FirmwareUpdate.swift */; };
		A10000000000000000000401 /* GpsCore.swift in Sources */ = {isa = PBXBuildFile; fileRef = A10000000000000000000411 /* GpsCore.swift */; };
		A10000000000000000000402 /* GpsScreen.swift in Sources */ = {isa = PBXBuildFile; fileRef = A10000000000000000000412 /* GpsScreen.swift */; };
		A10000000000000000000D01 /* GpsDebugModel.swift in Sources */ = {isa = PBXBuildFile; fileRef = A10000000000000000000D11 /* GpsDebugModel.swift */; };
		A10000000000000000000D02 /* GpsDebugScreen.swift in Sources */ = {isa = PBXBuildFile; fileRef = A10000000000000000000D12 /* GpsDebugScreen.swift */; };
		A8F194C88C19E4063506DC12 /* MovementLogger Watch App.app in Embed Watch Content */ = {isa = PBXBuildFile; fileRef = 32E4AD06DEB64DC8BDB40586 /* MovementLogger Watch App.app */; settings = {ATTRIBUTES = (RemoveHeadersOnCopy, ); }; };
		FDC16A73B7FB8289A9885366 /* WaterTempManager.swift in Sources */ = {isa = PBXBuildFile; fileRef = 0617D4AC14755C61F624C388 /* WaterTempManager.swift */; };
/* End PBXBuildFile section */

/* Begin PBXContainerItemProxy section */
		B5734DA5852A870DB52D777A /* PBXContainerItemProxy */ = {
			isa = PBXContainerItemProxy;
			containerPortal = A100000000000000000000B1 /* Project object */;
			proxyType = 1;
			remoteGlobalIDString = 99E7AF36F4C7DCD65F5A3FBC;
			remoteInfo = "MovementLogger Watch App";
		};
/* End PBXContainerItemProxy section */

/* Begin PBXCopyFilesBuildPhase section */
		06F29558CF84BC8DC41D03CD /* Embed Watch Content */ = {
			isa = PBXCopyFilesBuildPhase;
			buildActionMask = 2147483647;
			dstPath = "$(CONTENTS_FOLDER_PATH)/Watch";
			dstSubfolderSpec = 16;
			files = (
				A8F194C88C19E4063506DC12 /* MovementLogger Watch App.app in Embed Watch Content */,
			);
			name = "Embed Watch Content";
			runOnlyForDeploymentPostprocessing = 0;
		};
/* End PBXCopyFilesBuildPhase section */

/* Begin PBXFileReference section */
		0617D4AC14755C61F624C388 /* WaterTempManager.swift */ = {isa = PBXFileReference; includeInIndex = 1; lastKnownFileType = sourcecode.swift; path = WaterTempManager.swift; sourceTree = "<group>"; };
		1EA9FA244DD2070BCD629FA1 /* Info.plist */ = {isa = PBXFileReference; includeInIndex = 1; lastKnownFileType = text.plist.xml; path = Info.plist; sourceTree = "<group>"; };
		32E4AD06DEB64DC8BDB40586 /* MovementLogger Watch App.app */ = {isa = PBXFileReference; explicitFileType = wrapper.application; includeInIndex = 0; path = "MovementLogger Watch App.app"; sourceTree = BUILT_PRODUCTS_DIR; };
		4B71901CE99AEDF7D5291939 /* FileSyncProtocol.swift */ = {isa = PBXFileReference; includeInIndex = 1; lastKnownFileType = sourcecode.swift; path = FileSyncProtocol.swift; sourceTree = "<group>"; };
		536A7998F0FA05CA9E0715BA /* RidesScreen.swift */ = {isa = PBXFileReference; includeInIndex = 1; lastKnownFileType = sourcecode.swift; path = RidesScreen.swift; sourceTree = "<group>"; };
		5BEEF19B16BDFCEC951C63CA /* WatchRideReceiver.swift */ = {isa = PBXFileReference; includeInIndex = 1; lastKnownFileType = sourcecode.swift; path = WatchRideReceiver.swift; sourceTree = "<group>"; };
		617213F133B64E4AA0A7CE6F /* WorkoutKeepAlive.swift */ = {isa = PBXFileReference; includeInIndex = 1; lastKnownFileType = sourcecode.swift; path = WorkoutKeepAlive.swift; sourceTree = "<group>"; };
		701C8A80B76519D70C9EAB65 /* WatchGpsLogger.swift */ = {isa = PBXFileReference; includeInIndex = 1; lastKnownFileType = sourcecode.swift; path = WatchGpsLogger.swift; sourceTree = "<group>"; };
		A100000000000000000000F0 /* MovementLoggerApp.swift */ = {isa = PBXFileReference; lastKnownFileType = sourcecode.swift; path = MovementLoggerApp.swift; sourceTree = "<group>"; };
		A100000000000000000000F1 /* FileSyncProtocol.swift */ = {isa = PBXFileReference; lastKnownFileType = sourcecode.swift; path = FileSyncProtocol.swift; sourceTree = "<group>"; };
		A100000000000000000000F2 /* BleClient.swift */ = {isa = PBXFileReference; lastKnownFileType = sourcecode.swift; path = BleClient.swift; sourceTree = "<group>"; };
		A100000000000000000000F3 /* FileSyncViewModel.swift */ = {isa = PBXFileReference; lastKnownFileType = sourcecode.swift; path = FileSyncViewModel.swift; sourceTree = "<group>"; };
		A100000000000000000000F4 /* FileSyncScreen.swift */ = {isa = PBXFileReference; lastKnownFileType = sourcecode.swift; path = FileSyncScreen.swift; sourceTree = "<group>"; };
		A100000000000000000000F5 /* MovementLogger.app */ = {isa = PBXFileReference; explicitFileType = wrapper.application; includeInIndex = 0; path = MovementLogger.app; sourceTree = BUILT_PRODUCTS_DIR; };
		A100000000000000000000F6 /* Assets.xcassets */ = {isa = PBXFileReference; lastKnownFileType = folder.assetcatalog; path = Assets.xcassets; sourceTree = "<group>"; };
		A100000000000000000000F7 /* SyncDb.swift */ = {isa = PBXFileReference; lastKnownFileType = sourcecode.swift; path = SyncDb.swift; sourceTree = "<group>"; };
		A10000000000000000000201 /* CsvParsers.swift */ = {isa = PBXFileReference; lastKnownFileType = sourcecode.swift; path = CsvParsers.swift; sourceTree = "<group>"; };
		A10000000000000000000202 /* GpsTime.swift */ = {isa = PBXFileReference; lastKnownFileType = sourcecode.swift; path = GpsTime.swift; sourceTree = "<group>"; };
		A10000000000000000000203 /* VideoMetadata.swift */ = {isa = PBXFileReference; lastKnownFileType = sourcecode.swift; path = VideoMetadata.swift; sourceTree = "<group>"; };
		A10000000000000000000204 /* GpsMath.swift */ = {isa = PBXFileReference; lastKnownFileType = sourcecode.swift; path = GpsMath.swift; sourceTree = "<group>"; };
		A10000000000000000000205 /* Butterworth.swift */ = {isa = PBXFileReference; lastKnownFileType = sourcecode.swift; path = Butterworth.swift; sourceTree = "<group>"; };
		A10000000000000000000206 /* EulerAngles.swift */ = {isa = PBXFileReference; lastKnownFileType = sourcecode.swift; path = EulerAngles.swift; sourceTree = "<group>"; };
		A10000000000000000000207 /* Madgwick.swift */ = {isa = PBXFileReference; lastKnownFileType = sourcecode.swift; path = Madgwick.swift; sourceTree = "<group>"; };
		A10000000000000000000208 /* Baro.swift */ = {isa = PBXFileReference; lastKnownFileType = sourcecode.swift; path = Baro.swift; sourceTree = "<group>"; };
		A10000000000000000000209 /* FusionHeight.swift */ = {isa = PBXFileReference; lastKnownFileType = sourcecode.swift; path = FusionHeight.swift; sourceTree = "<group>"; };
		A1000000000000000000020A /* MainNav.swift */ = {isa = PBXFileReference; lastKnownFileType = sourcecode.swift; path = MainNav.swift; sourceTree = "<group>"; };
		A1000000000000000000020B /* ReplayViewModel.swift */ = {isa = PBXFileReference; lastKnownFileType = sourcecode.swift; path = ReplayViewModel.swift; sourceTree = "<group>"; };
		A1000000000000000000020C /* ReplayScreen.swift */ = {isa = PBXFileReference; lastKnownFileType = sourcecode.swift; path = ReplayScreen.swift; sourceTree = "<group>"; };
		A1000000000000000000020D /* CompositeExporter.swift */ = {isa = PBXFileReference; lastKnownFileType = sourcecode.swift; path = CompositeExporter.swift; sourceTree = "<group>"; };
		A1000000000000000000020E /* LiveSample.swift */ = {isa = PBXFileReference; lastKnownFileType = sourcecode.swift; path = LiveSample.swift; sourceTree = "<group>"; };
		A1000000000000000000020F /* LiveScreen.swift */ = {isa = PBXFileReference; lastKnownFileType = sourcecode.swift; path = LiveScreen.swift; sourceTree = "<group>"; };
		A10000000000000000000311 /* AgentConfig.swift */ = {isa = PBXFileReference; lastKnownFileType = sourcecode.swift; path = AgentConfig.swift; sourceTree = "<group>"; };
		A10000000000000000000312 /* BackgroundSync.swift */ = {isa = PBXFileReference; lastKnownFileType = sourcecode.swift; path = BackgroundSync.swift; sourceTree = "<group>"; };
		A10000000000000000000313 /* SyncTaskHandler.swift */ = {isa = PBXFileReference; lastKnownFileType = sourcecode.swift; path = SyncTaskHandler.swift; sourceTree = "<group>"; };
		A10000000000000000000314 /* FirmwareUpdate.swift */ = {isa = PBXFileReference; lastKnownFileType = sourcecode.swift; path = FirmwareUpdate.swift; sourceTree = "<group>"; };
		A10000000000000000000411 /* GpsCore.swift */ = {isa = PBXFileReference; lastKnownFileType = sourcecode.swift; path = GpsCore.swift; sourceTree = "<group>"; };
		A10000000000000000000412 /* GpsScreen.swift */ = {isa = PBXFileReference; lastKnownFileType = sourcecode.swift; path = GpsScreen.swift; sourceTree = "<group>"; };
		A10000000000000000000D11 /* GpsDebugModel.swift */ = {isa = PBXFileReference; lastKnownFileType = sourcecode.swift; path = GpsDebugModel.swift; sourceTree = "<group>"; };
		A10000000000000000000D12 /* GpsDebugScreen.swift */ = {isa = PBXFileReference; lastKnownFileType = sourcecode.swift; path = GpsDebugScreen.swift; sourceTree = "<group>"; };
		A1FF51A111E4D07B8ED9EF0F /* SessionController.swift */ = {isa = PBXFileReference; includeInIndex = 1; lastKnownFileType = sourcecode.swift; path = SessionController.swift; sourceTree = "<group>"; };
		A4C9D51BBE5E8A7CDC9DAAE8 /* MovementLoggerWatchApp.swift */ = {isa = PBXFileReference; includeInIndex = 1; lastKnownFileType = sourcecode.swift; path = MovementLoggerWatchApp.swift; sourceTree = "<group>"; };
		ABB20C3561F42079F0986146 /* WatchSync.swift */ = {isa = PBXFileReference; includeInIndex = 1; lastKnownFileType = sourcecode.swift; path = WatchSync.swift; sourceTree = "<group>"; };
		B50E642AE419F2872EF8B2F1 /* ContentView.swift */ = {isa = PBXFileReference; includeInIndex = 1; lastKnownFileType = sourcecode.swift; path = ContentView.swift; sourceTree = "<group>"; };
		B72771DDCD8DF058D5D67703 /* BoxBleClient.swift */ = {isa = PBXFileReference; includeInIndex = 1; lastKnownFileType = sourcecode.swift; path = BoxBleClient.swift; sourceTree = "<group>"; };
		EDDD795623AC92CE44CEB489 /* Assets.xcassets */ = {isa = PBXFileReference; includeInIndex = 1; lastKnownFileType = folder.assetcatalog; path = Assets.xcassets; sourceTree = "<group>"; };
		F01CEF64DD1B47555EA28D59 /* MovementLoggerWatch.entitlements */ = {isa = PBXFileReference; includeInIndex = 1; lastKnownFileType = text.plist.entitlements; path = MovementLoggerWatch.entitlements; sourceTree = "<group>"; };
		F3BFE5DB4B84E15D9CF7AD69 /* Foundation.framework */ = {isa = PBXFileReference; lastKnownFileType = wrapper.framework; name = Foundation.framework; path = Platforms/WatchOS.platform/Developer/SDKs/WatchOS26.0.sdk/System/Library/Frameworks/Foundation.framework; sourceTree = DEVELOPER_DIR; };
/* End PBXFileReference section */

/* Begin PBXFrameworksBuildPhase section */
		9A44E40AB2659DFA14A8EBBD /* Frameworks */ = {
			isa = PBXFrameworksBuildPhase;
			buildActionMask = 2147483647;
			files = (
				38E8CBA2DBF58F6EF4FF04BB /* Foundation.framework in Frameworks */,
			);
			runOnlyForDeploymentPostprocessing = 0;
		};
		A100000000000000000000E5 /* Frameworks */ = {
			isa = PBXFrameworksBuildPhase;
			buildActionMask = 2147483647;
			files = (
			);
			runOnlyForDeploymentPostprocessing = 0;
		};
/* End PBXFrameworksBuildPhase section */

/* Begin PBXGroup section */
		2AE04D40AA74DBA5D928143B /* Frameworks */ = {
			isa = PBXGroup;
			children = (
				71D600AB6555DA609B352B1C /* watchOS */,
			);
			name = Frameworks;
			sourceTree = "<group>";
		};
		71D600AB6555DA609B352B1C /* watchOS */ = {
			isa = PBXGroup;
			children = (
				F3BFE5DB4B84E15D9CF7AD69 /* Foundation.framework */,
			);
			name = watchOS;
			sourceTree = "<group>";
		};
		902946F92E2FE82E283F7DA5 /* MovementLoggerWatch */ = {
			isa = PBXGroup;
			children = (
				B72771DDCD8DF058D5D67703 /* BoxBleClient.swift */,
				B50E642AE419F2872EF8B2F1 /* ContentView.swift */,
				4B71901CE99AEDF7D5291939 /* FileSyncProtocol.swift */,
				A4C9D51BBE5E8A7CDC9DAAE8 /* MovementLoggerWatchApp.swift */,
				A1FF51A111E4D07B8ED9EF0F /* SessionController.swift */,
				701C8A80B76519D70C9EAB65 /* WatchGpsLogger.swift */,
				617213F133B64E4AA0A7CE6F /* WorkoutKeepAlive.swift */,
				EDDD795623AC92CE44CEB489 /* Assets.xcassets */,
				1EA9FA244DD2070BCD629FA1 /* Info.plist */,
				F01CEF64DD1B47555EA28D59 /* MovementLoggerWatch.entitlements */,
				ABB20C3561F42079F0986146 /* WatchSync.swift */,
				0617D4AC14755C61F624C388 /* WaterTempManager.swift */,
			);
			name = MovementLoggerWatch;
			path = MovementLoggerWatch;
			sourceTree = "<group>";
		};
		A100000000000000000000D0 = {
			isa = PBXGroup;
			children = (
				A100000000000000000000D1 /* MovementLogger */,
				A100000000000000000000D4 /* Products */,
				2AE04D40AA74DBA5D928143B /* Frameworks */,
				902946F92E2FE82E283F7DA5 /* MovementLoggerWatch */,
			);
			sourceTree = "<group>";
		};
		A100000000000000000000D1 /* MovementLogger */ = {
			isa = PBXGroup;
			children = (
				A100000000000000000000F0 /* MovementLoggerApp.swift */,
				A100000000000000000000D2 /* BLE */,
				A100000000000000000000D5 /* Data */,
				A10000000000000000000410 /* Location */,
				A10000000000000000000310 /* Sync */,
				A100000000000000000000D3 /* UI */,
				A100000000000000000000D6 /* Export */,
				A100000000000000000000F6 /* Assets.xcassets */,
			);
			path = MovementLogger;
			sourceTree = "<group>";
		};
		A100000000000000000000D2 /* BLE */ = {
			isa = PBXGroup;
			children = (
				A100000000000000000000F1 /* FileSyncProtocol.swift */,
				A1000000000000000000020E /* LiveSample.swift */,
				A100000000000000000000F2 /* BleClient.swift */,
				A10000000000000000000D11 /* GpsDebugModel.swift */,
				A100000000000000000000F7 /* SyncDb.swift */,
			);
			path = BLE;
			sourceTree = "<group>";
		};
		A100000000000000000000D3 /* UI */ = {
			isa = PBXGroup;
			children = (
				A1000000000000000000020A /* MainNav.swift */,
				A1000000000000000000020F /* LiveScreen.swift */,
				A10000000000000000000412 /* GpsScreen.swift */,
				A100000000000000000000F3 /* FileSyncViewModel.swift */,
				A100000000000000000000F4 /* FileSyncScreen.swift */,
				A10000000000000000000D12 /* GpsDebugScreen.swift */,
				A1000000000000000000020B /* ReplayViewModel.swift */,
				A1000000000000000000020C /* ReplayScreen.swift */,
				536A7998F0FA05CA9E0715BA /* RidesScreen.swift */,
			);
			path = UI;
			sourceTree = "<group>";
		};
		A100000000000000000000D4 /* Products */ = {
			isa = PBXGroup;
			children = (
				A100000000000000000000F5 /* MovementLogger.app */,
				32E4AD06DEB64DC8BDB40586 /* MovementLogger Watch App.app */,
			);
			name = Products;
			sourceTree = "<group>";
		};
		A100000000000000000000D5 /* Data */ = {
			isa = PBXGroup;
			children = (
				A10000000000000000000201 /* CsvParsers.swift */,
				A10000000000000000000202 /* GpsTime.swift */,
				A10000000000000000000203 /* VideoMetadata.swift */,
				A10000000000000000000204 /* GpsMath.swift */,
				A10000000000000000000205 /* Butterworth.swift */,
				A10000000000000000000206 /* EulerAngles.swift */,
				A10000000000000000000207 /* Madgwick.swift */,
				A10000000000000000000208 /* Baro.swift */,
				A10000000000000000000209 /* FusionHeight.swift */,
			);
			path = Data;
			sourceTree = "<group>";
		};
		A100000000000000000000D6 /* Export */ = {
			isa = PBXGroup;
			children = (
				A1000000000000000000020D /* CompositeExporter.swift */,
			);
			path = Export;
			sourceTree = "<group>";
		};
		A10000000000000000000310 /* Sync */ = {
			isa = PBXGroup;
			children = (
				A10000000000000000000311 /* AgentConfig.swift */,
				A10000000000000000000312 /* BackgroundSync.swift */,
				A10000000000000000000313 /* SyncTaskHandler.swift */,
				A10000000000000000000314 /* FirmwareUpdate.swift */,
				5BEEF19B16BDFCEC951C63CA /* WatchRideReceiver.swift */,
			);
			path = Sync;
			sourceTree = "<group>";
		};
		A10000000000000000000410 /* Location */ = {
			isa = PBXGroup;
			children = (
				A10000000000000000000411 /* GpsCore.swift */,
			);
			path = Location;
			sourceTree = "<group>";
		};
/* End PBXGroup section */

/* Begin PBXNativeTarget section */
		99E7AF36F4C7DCD65F5A3FBC /* MovementLogger Watch App */ = {
			isa = PBXNativeTarget;
			buildConfigurationList = 53B81EAAA0C8E4411EC38166 /* Build configuration list for PBXNativeTarget "MovementLogger Watch App" */;
			buildPhases = (
				B2AB804D62589F08944F05A8 /* Sources */,
				9A44E40AB2659DFA14A8EBBD /* Frameworks */,
				4F7134CF041C42A95606C83F /* Resources */,
			);
			buildRules = (
			);
			dependencies = (
			);
			name = "MovementLogger Watch App";
			productName = "MovementLogger Watch App";
			productReference = 32E4AD06DEB64DC8BDB40586 /* MovementLogger Watch App.app */;
			productType = "com.apple.product-type.application";
		};
		A100000000000000000000E0 /* MovementLogger */ = {
			isa = PBXNativeTarget;
			buildConfigurationList = A100000000000000000000E1 /* Build configuration list for PBXNativeTarget "MovementLogger" */;
			buildPhases = (
				A100000000000000000000E4 /* Sources */,
				A100000000000000000000E5 /* Frameworks */,
				A100000000000000000000E6 /* Resources */,
				06F29558CF84BC8DC41D03CD /* Embed Watch Content */,
			);
			buildRules = (
			);
			dependencies = (
				5561A5846B968A98311BF94A /* PBXTargetDependency */,
			);
			name = MovementLogger;
			productName = MovementLogger;
			productReference = A100000000000000000000F5 /* MovementLogger.app */;
			productType = "com.apple.product-type.application";
		};
/* End PBXNativeTarget section */

/* Begin PBXProject section */
		A100000000000000000000B1 /* Project object */ = {
			isa = PBXProject;
			attributes = {
				BuildIndependentTargetsInParallel = 1;
				LastSwiftUpdateCheck = 1500;
				LastUpgradeCheck = 1500;
				TargetAttributes = {
					A100000000000000000000E0 = {
						CreatedOnToolsVersion = 15.0;
					};
				};
			};
			buildConfigurationList = A100000000000000000000C0 /* Build configuration list for PBXProject "MovementLogger" */;
			compatibilityVersion = "Xcode 14.0";
			developmentRegion = en;
			hasScannedForEncodings = 0;
			knownRegions = (
				en,
				Base,
			);
			mainGroup = A100000000000000000000D0;
			productRefGroup = A100000000000000000000D4 /* Products */;
			projectDirPath = "";
			projectRoot = "";
			targets = (
				A100000000000000000000E0 /* MovementLogger */,
				99E7AF36F4C7DCD65F5A3FBC /* MovementLogger Watch App */,
			);
		};
/* End PBXProject section */

/* Begin PBXResourcesBuildPhase section */
		4F7134CF041C42A95606C83F /* Resources */ = {
			isa = PBXResourcesBuildPhase;
			buildActionMask = 2147483647;
			files = (
				1815BCF90E89A510DF9CC1AC /* Assets.xcassets in Resources */,
			);
			runOnlyForDeploymentPostprocessing = 0;
		};
		A100000000000000000000E6 /* Resources */ = {
			isa = PBXResourcesBuildPhase;
			buildActionMask = 2147483647;
			files = (
				A100000000000000000000AF /* Assets.xcassets in Resources */,
			);
			runOnlyForDeploymentPostprocessing = 0;
		};
/* End PBXResourcesBuildPhase section */

/* Begin PBXSourcesBuildPhase section */
		A100000000000000000000E4 /* Sources */ = {
			isa = PBXSourcesBuildPhase;
			buildActionMask = 2147483647;
			files = (
				A100000000000000000000AA /* MovementLoggerApp.swift in Sources */,
				A100000000000000000000AB /* FileSyncProtocol.swift in Sources */,
				A100000000000000000000AC /* BleClient.swift in Sources */,
				A100000000000000000000B0 /* SyncDb.swift in Sources */,
				A100000000000000000000AD /* FileSyncViewModel.swift in Sources */,
				A100000000000000000000AE /* FileSyncScreen.swift in Sources */,
				A10000000000000000000101 /* CsvParsers.swift in Sources */,
				A10000000000000000000102 /* GpsTime.swift in Sources */,
				A10000000000000000000103 /* VideoMetadata.swift in Sources */,
				A10000000000000000000104 /* GpsMath.swift in Sources */,
				A10000000000000000000105 /* Butterworth.swift in Sources */,
				A10000000000000000000106 /* EulerAngles.swift in Sources */,
				A10000000000000000000107 /* Madgwick.swift in Sources */,
				A10000000000000000000108 /* Baro.swift in Sources */,
				A10000000000000000000109 /* FusionHeight.swift in Sources */,
				A1000000000000000000010A /* MainNav.swift in Sources */,
				A1000000000000000000010B /* ReplayViewModel.swift in Sources */,
				A1000000000000000000010C /* ReplayScreen.swift in Sources */,
				A1000000000000000000010D /* CompositeExporter.swift in Sources */,
				A1000000000000000000010E /* LiveSample.swift in Sources */,
				A1000000000000000000010F /* LiveScreen.swift in Sources */,
				A10000000000000000000301 /* AgentConfig.swift in Sources */,
				A10000000000000000000302 /* BackgroundSync.swift in Sources */,
				A10000000000000000000303 /* SyncTaskHandler.swift in Sources */,
				A10000000000000000000304 /* FirmwareUpdate.swift in Sources */,
				A10000000000000000000401 /* GpsCore.swift in Sources */,
				A10000000000000000000402 /* GpsScreen.swift in Sources */,
				A10000000000000000000D01 /* GpsDebugModel.swift in Sources */,
				A10000000000000000000D02 /* GpsDebugScreen.swift in Sources */,
				0A3E16FD73A9FA46C6E70D01 /* WatchRideReceiver.swift in Sources */,
				21BC9E20260DBC676AC90A2F /* RidesScreen.swift in Sources */,
			);
			runOnlyForDeploymentPostprocessing = 0;
		};
		B2AB804D62589F08944F05A8 /* Sources */ = {
			isa = PBXSourcesBuildPhase;
			buildActionMask = 2147483647;
			files = (
				512ABB27C1CAE6CCF4D2E4EE /* BoxBleClient.swift in Sources */,
				531529DEB6EE85BB56B46F25 /* ContentView.swift in Sources */,
				8D35D6FC926E778D67CDD1D3 /* FileSyncProtocol.swift in Sources */,
				9DE6D0BD6B408961BB4439EE /* MovementLoggerWatchApp.swift in Sources */,
				6BB711BDC8A9E03CFC7C4E9D /* SessionController.swift in Sources */,
				21FC55FD17776163CD8E1A1B /* WatchGpsLogger.swift in Sources */,
				6D21F01F26516DB561BDCC42 /* WorkoutKeepAlive.swift in Sources */,
				4FB93983FE1F036E7B3F13DE /* WatchSync.swift in Sources */,
				FDC16A73B7FB8289A9885366 /* WaterTempManager.swift in Sources */,
			);
			runOnlyForDeploymentPostprocessing = 0;
		};
/* End PBXSourcesBuildPhase section */

/* Begin PBXTargetDependency section */
		5561A5846B968A98311BF94A /* PBXTargetDependency */ = {
			isa = PBXTargetDependency;
			name = "MovementLogger Watch App";
			target = 99E7AF36F4C7DCD65F5A3FBC /* MovementLogger Watch App */;
			targetProxy = B5734DA5852A870DB52D777A /* PBXContainerItemProxy */;
		};
/* End PBXTargetDependency section */

/* Begin XCBuildConfiguration section */
		0095C38B95C4F497E3A210B0 /* Release */ = {
			isa = XCBuildConfiguration;
			buildSettings = {
				ALWAYS_EMBED_SWIFT_STANDARD_LIBRARIES = YES;
				ASSETCATALOG_COMPILER_APPICON_NAME = AppIcon;
				ASSETCATALOG_COMPILER_GLOBAL_ACCENT_COLOR_NAME = AccentColor;
				CODE_SIGN_ENTITLEMENTS = MovementLoggerWatch/MovementLoggerWatch.entitlements;
				CODE_SIGN_STYLE = Automatic;
				CURRENT_PROJECT_VERSION = 23;
				DEVELOPMENT_TEAM = 4B37356EGR;
				ENABLE_PREVIEWS = YES;
				GENERATE_INFOPLIST_FILE = NO;
				INFOPLIST_FILE = MovementLoggerWatch/Info.plist;
				MARKETING_VERSION = 1.0.21;
				PRODUCT_BUNDLE_IDENTIFIER = ch.pumptsueri.movementlogger.watchkitapp;
				PRODUCT_NAME = MovementLogger;
				SDKROOT = watchos;
				SKIP_INSTALL = YES;
				SUPPORTS_MACCATALYST = NO;
				SWIFT_EMIT_LOC_STRINGS = YES;
				SWIFT_VERSION = 5.0;
				TARGETED_DEVICE_FAMILY = 4;
				VALIDATE_PRODUCT = YES;
				WATCHOS_DEPLOYMENT_TARGET = 10.0;
			};
			name = Release;
		};
		A100000000000000000000C1 /* Debug */ = {
			isa = XCBuildConfiguration;
			buildSettings = {
				ALWAYS_SEARCH_USER_PATHS = NO;
				ASSETCATALOG_COMPILER_GENERATE_SWIFT_ASSET_SYMBOL_EXTENSIONS = YES;
				CLANG_ANALYZER_NONNULL = YES;
				CLANG_ANALYZER_NUMBER_OBJECT_CONVERSION = YES_AGGRESSIVE;
				CLANG_CXX_LANGUAGE_STANDARD = "gnu++20";
				CLANG_ENABLE_MODULES = YES;
				CLANG_ENABLE_OBJC_ARC = YES;
				CLANG_ENABLE_OBJC_WEAK = YES;
				CLANG_WARN_BLOCK_CAPTURE_AUTORELEASING = YES;
				CLANG_WARN_BOOL_CONVERSION = YES;
				CLANG_WARN_COMMA = YES;
				CLANG_WARN_CONSTANT_CONVERSION = YES;
				CLANG_WARN_DEPRECATED_OBJC_IMPLEMENTATIONS = YES;
				CLANG_WARN_DIRECT_OBJC_ISA_USAGE = YES_ERROR;
				CLANG_WARN_DOCUMENTATION_COMMENTS = YES;
				CLANG_WARN_EMPTY_BODY = YES;
				CLANG_WARN_ENUM_CONVERSION = YES;
				CLANG_WARN_INFINITE_RECURSION = YES;
				CLANG_WARN_INT_CONVERSION = YES;
				CLANG_WARN_NON_LITERAL_NULL_CONVERSION = YES;
				CLANG_WARN_OBJC_IMPLICIT_RETAIN_SELF = YES;
				CLANG_WARN_OBJC_LITERAL_CONVERSION = YES;
				CLANG_WARN_OBJC_ROOT_CLASS = YES_ERROR;
				CLANG_WARN_QUOTED_INCLUDE_IN_FRAMEWORK_HEADER = YES;
				CLANG_WARN_RANGE_LOOP_ANALYSIS = YES;
				CLANG_WARN_STRICT_PROTOTYPES = YES;
				CLANG_WARN_SUSPICIOUS_MOVE = YES;
				CLANG_WARN_UNGUARDED_AVAILABILITY = YES_AGGRESSIVE;
				CLANG_WARN_UNREACHABLE_CODE = YES;
				CLANG_WARN__DUPLICATE_METHOD_MATCH = YES;
				COPY_PHASE_STRIP = NO;
				DEBUG_INFORMATION_FORMAT = dwarf;
				ENABLE_STRICT_OBJC_MSGSEND = YES;
				ENABLE_TESTABILITY = YES;
				ENABLE_USER_SCRIPT_SANDBOXING = YES;
				GCC_C_LANGUAGE_STANDARD = gnu17;
				GCC_DYNAMIC_NO_PIC = NO;
				GCC_NO_COMMON_BLOCKS = YES;
				GCC_OPTIMIZATION_LEVEL = 0;
				GCC_PREPROCESSOR_DEFINITIONS = (
					"DEBUG=1",
					"$(inherited)",
				);
				GCC_WARN_64_TO_32_BIT_CONVERSION = YES;
				GCC_WARN_ABOUT_RETURN_TYPE = YES_ERROR;
				GCC_WARN_UNDECLARED_SELECTOR = YES;
				GCC_WARN_UNINITIALIZED_AUTOS = YES_AGGRESSIVE;
				GCC_WARN_UNUSED_FUNCTION = YES;
				GCC_WARN_UNUSED_VARIABLE = YES;
				IPHONEOS_DEPLOYMENT_TARGET = 17.0;
				LOCALIZATION_PREFERS_STRING_CATALOGS = YES;
				MTL_ENABLE_DEBUG_INFO = INCLUDE_SOURCE;
				MTL_FAST_MATH = YES;
				ONLY_ACTIVE_ARCH = YES;
				SDKROOT = iphoneos;
				SWIFT_ACTIVE_COMPILATION_CONDITIONS = "DEBUG $(inherited)";
				SWIFT_OPTIMIZATION_LEVEL = "-Onone";
			};
			name = Debug;
		};
		A100000000000000000000C2 /* Release */ = {
			isa = XCBuildConfiguration;
			buildSettings = {
				ALWAYS_SEARCH_USER_PATHS = NO;
				ASSETCATALOG_COMPILER_GENERATE_SWIFT_ASSET_SYMBOL_EXTENSIONS = YES;
				CLANG_ANALYZER_NONNULL = YES;
				CLANG_ANALYZER_NUMBER_OBJECT_CONVERSION = YES_AGGRESSIVE;
				CLANG_CXX_LANGUAGE_STANDARD = "gnu++20";
				CLANG_ENABLE_MODULES = YES;
				CLANG_ENABLE_OBJC_ARC = YES;
				CLANG_ENABLE_OBJC_WEAK = YES;
				CLANG_WARN_BLOCK_CAPTURE_AUTORELEASING = YES;
				CLANG_WARN_BOOL_CONVERSION = YES;
				CLANG_WARN_COMMA = YES;
				CLANG_WARN_CONSTANT_CONVERSION = YES;
				CLANG_WARN_DEPRECATED_OBJC_IMPLEMENTATIONS = YES;
				CLANG_WARN_DIRECT_OBJC_ISA_USAGE = YES_ERROR;
				CLANG_WARN_DOCUMENTATION_COMMENTS = YES;
				CLANG_WARN_EMPTY_BODY = YES;
				CLANG_WARN_ENUM_CONVERSION = YES;
				CLANG_WARN_INFINITE_RECURSION = YES;
				CLANG_WARN_INT_CONVERSION = YES;
				CLANG_WARN_NON_LITERAL_NULL_CONVERSION = YES;
				CLANG_WARN_OBJC_IMPLICIT_RETAIN_SELF = YES;
				CLANG_WARN_OBJC_LITERAL_CONVERSION = YES;
				CLANG_WARN_OBJC_ROOT_CLASS = YES_ERROR;
				CLANG_WARN_QUOTED_INCLUDE_IN_FRAMEWORK_HEADER = YES;
				CLANG_WARN_RANGE_LOOP_ANALYSIS = YES;
				CLANG_WARN_STRICT_PROTOTYPES = YES;
				CLANG_WARN_SUSPICIOUS_MOVE = YES;
				CLANG_WARN_UNGUARDED_AVAILABILITY = YES_AGGRESSIVE;
				CLANG_WARN_UNREACHABLE_CODE = YES;
				CLANG_WARN__DUPLICATE_METHOD_MATCH = YES;
				COPY_PHASE_STRIP = NO;
				DEBUG_INFORMATION_FORMAT = "dwarf-with-dsym";
				ENABLE_NS_ASSERTIONS = NO;
				ENABLE_STRICT_OBJC_MSGSEND = YES;
				ENABLE_USER_SCRIPT_SANDBOXING = YES;
				GCC_C_LANGUAGE_STANDARD = gnu17;
				GCC_NO_COMMON_BLOCKS = YES;
				GCC_WARN_64_TO_32_BIT_CONVERSION = YES;
				GCC_WARN_ABOUT_RETURN_TYPE = YES_ERROR;
				GCC_WARN_UNDECLARED_SELECTOR = YES;
				GCC_WARN_UNINITIALIZED_AUTOS = YES_AGGRESSIVE;
				GCC_WARN_UNUSED_FUNCTION = YES;
				GCC_WARN_UNUSED_VARIABLE = YES;
				IPHONEOS_DEPLOYMENT_TARGET = 17.0;
				LOCALIZATION_PREFERS_STRING_CATALOGS = YES;
				MTL_ENABLE_DEBUG_INFO = NO;
				MTL_FAST_MATH = YES;
				SDKROOT = iphoneos;
				SWIFT_COMPILATION_MODE = wholemodule;
				VALIDATE_PRODUCT = YES;
			};
			name = Release;
		};
		A100000000000000000000E2 /* Debug */ = {
			isa = XCBuildConfiguration;
			buildSettings = {
				ASSETCATALOG_COMPILER_APPICON_NAME = AppIcon;
				CODE_SIGN_STYLE = Automatic;
				CURRENT_PROJECT_VERSION = 23;
				DEVELOPMENT_TEAM = 4B37356EGR;
				ENABLE_PREVIEWS = YES;
				GENERATE_INFOPLIST_FILE = NO;
				INFOPLIST_FILE = MovementLogger/Info.plist;
				IPHONEOS_DEPLOYMENT_TARGET = 17.0;
				LD_RUNPATH_SEARCH_PATHS = (
					"$(inherited)",
					"@executable_path/Frameworks",
				);
				MARKETING_VERSION = 1.0.21;
				PRODUCT_BUNDLE_IDENTIFIER = ch.pumptsueri.movementlogger;
				PRODUCT_NAME = "$(TARGET_NAME)";
				SWIFT_EMIT_LOC_STRINGS = YES;
				SWIFT_VERSION = 5.0;
				TARGETED_DEVICE_FAMILY = "1,2";
			};
			name = Debug;
		};
		A100000000000000000000E3 /* Release */ = {
			isa = XCBuildConfiguration;
			buildSettings = {
				ASSETCATALOG_COMPILER_APPICON_NAME = AppIcon;
				CODE_SIGN_STYLE = Automatic;
				CURRENT_PROJECT_VERSION = 23;
				DEVELOPMENT_TEAM = 4B37356EGR;
				ENABLE_PREVIEWS = YES;
				GENERATE_INFOPLIST_FILE = NO;
				INFOPLIST_FILE = MovementLogger/Info.plist;
				IPHONEOS_DEPLOYMENT_TARGET = 17.0;
				LD_RUNPATH_SEARCH_PATHS = (
					"$(inherited)",
					"@executable_path/Frameworks",
				);
				MARKETING_VERSION = 1.0.21;
				PRODUCT_BUNDLE_IDENTIFIER = ch.pumptsueri.movementlogger;
				PRODUCT_NAME = "$(TARGET_NAME)";
				SWIFT_EMIT_LOC_STRINGS = YES;
				SWIFT_VERSION = 5.0;
				TARGETED_DEVICE_FAMILY = "1,2";
			};
			name = Release;
		};
		DB58AB789354CE0662F23CB4 /* Debug */ = {
			isa = XCBuildConfiguration;
			buildSettings = {
				ALWAYS_EMBED_SWIFT_STANDARD_LIBRARIES = YES;
				ASSETCATALOG_COMPILER_APPICON_NAME = AppIcon;
				ASSETCATALOG_COMPILER_GLOBAL_ACCENT_COLOR_NAME = AccentColor;
				CODE_SIGN_ENTITLEMENTS = MovementLoggerWatch/MovementLoggerWatch.entitlements;
				CODE_SIGN_STYLE = Automatic;
				CURRENT_PROJECT_VERSION = 23;
				DEVELOPMENT_TEAM = 4B37356EGR;
				ENABLE_PREVIEWS = YES;
				GENERATE_INFOPLIST_FILE = NO;
				INFOPLIST_FILE = MovementLoggerWatch/Info.plist;
				MARKETING_VERSION = 1.0.21;
				PRODUCT_BUNDLE_IDENTIFIER = ch.pumptsueri.movementlogger.watchkitapp;
				PRODUCT_NAME = MovementLogger;
				SDKROOT = watchos;
				SKIP_INSTALL = YES;
				SUPPORTS_MACCATALYST = NO;
				SWIFT_EMIT_LOC_STRINGS = YES;
				SWIFT_VERSION = 5.0;
				TARGETED_DEVICE_FAMILY = 4;
				WATCHOS_DEPLOYMENT_TARGET = 10.0;
			};
			name = Debug;
		};
/* End XCBuildConfiguration section */

/* Begin XCConfigurationList section */
		53B81EAAA0C8E4411EC38166 /* Build configuration list for PBXNativeTarget "MovementLogger Watch App" */ = {
			isa = XCConfigurationList;
			buildConfigurations = (
				0095C38B95C4F497E3A210B0 /* Release */,
				DB58AB789354CE0662F23CB4 /* Debug */,
			);
			defaultConfigurationIsVisible = 0;
			defaultConfigurationName = Release;
		};
		A100000000000000000000C0 /* Build configuration list for PBXProject "MovementLogger" */ = {
			isa = XCConfigurationList;
			buildConfigurations = (
				A100000000000000000000C1 /* Debug */,
				A100000000000000000000C2 /* Release */,
			);
			defaultConfigurationIsVisible = 0;
			defaultConfigurationName = Release;
		};
		A100000000000000000000E1 /* Build configuration list for PBXNativeTarget "MovementLogger" */ = {
			isa = XCConfigurationList;
			buildConfigurations = (
				A100000000000000000000E2 /* Debug */,
				A100000000000000000000E3 /* Release */,
			);
			defaultConfigurationIsVisible = 0;
			defaultConfigurationName = Release;
		};
/* End XCConfigurationList section */
	};
	rootObject = A100000000000000000000B1 /* Project object */;
}
